
Microsoft Visual Studio Solution File, Format Version 12.00
# Visual Studio Version 17
VisualStudioVersion = 17.10.35013.160
MinimumVisualStudioVersion = 10.0.40219.1
Project("{FAE04EC0-301F-11D3-BF4B-00C04F79EFBC}") = "CreadorCartasWord", "CreadorCartasWord\CreadorCartasWord.csproj", "{B2965B2A-7BD6-4E2F-B638-000B86CD215F}"
EndProject
Global
	GlobalSection(SolutionConfigurationPlatforms) = preSolution
		Debug|Any CPU = Debug|Any CPU
		Release|Any CPU = Release|Any CPU
	EndGlobalSection
	GlobalSection(ProjectConfigurationPlatforms) = postSolution
		{B2965B2A-7BD6-4E2F-B638-000B86CD215F}.Debug|Any CPU.ActiveCfg = Debug|Any CPU
		{B2965B2A-7BD6-4E2F-B638-000B86CD215F}.Debug|Any CPU.Build.0 = Debug|Any CPU
		{B2965B2A-7BD6-4E2F-B638-000B86CD215F}.Release|Any CPU.ActiveCfg = Release|Any CPU
		{B2965B2A-7BD6-4E2F-B638-000B86CD215F}.Release|Any CPU.Build.0 = Release|Any CPU
	EndGlobalSection
	GlobalSection(SolutionProperties) = preSolution
		HideSolutionNode = FALSE
	EndGlobalSection
	GlobalSection(ExtensibilityGlobals) = postSolution
		SolutionGuid = {8331BACF-71A9-450F-B3A6-66770D75B9DB}
	EndGlobalSection
EndGlobal
